
Microsoft Visual Studio Solution File, Format Version 12.00
# Visual Studio Version 17
VisualStudioVersion = 17.6.33815.320
MinimumVisualStudioVersion = 10.0.40219.1
Project("{9A19103F-16F7-4668-BE54-9A1E7A4F7556}") = "MirpurKhasSite", "Hello_World\MirpurKhasSite.csproj", "{99F631C5-7101-4AA0-BBD3-15324490DD16}"
EndProject
Global
	GlobalSection(SolutionConfigurationPlatforms) = preSolution
		Debug|Any CPU = Debug|Any CPU
		Release|Any CPU = Release|Any CPU
	EndGlobalSection
	GlobalSection(ProjectConfigurationPlatforms) = postSolution
		{99F631C5-7101-4AA0-BBD3-15324490DD16}.Debug|Any CPU.ActiveCfg = Debug|Any CPU
		{99F631C5-7101-4AA0-BBD3-15324490DD16}.Debug|Any CPU.Build.0 = Debug|Any CPU
		{99F631C5-7101-4AA0-BBD3-15324490DD16}.Release|Any CPU.ActiveCfg = Release|Any CPU
		{99F631C5-7101-4AA0-BBD3-15324490DD16}.Release|Any CPU.Build.0 = Release|Any CPU
	EndGlobalSection
	GlobalSection(SolutionProperties) = preSolution
		HideSolutionNode = FALSE
	EndGlobalSection
	GlobalSection(ExtensibilityGlobals) = postSolution
		SolutionGuid = {48E0388C-C3B6-4137-AA35-7B3BA6941657}
	EndGlobalSection
EndGlobal
